
Microsoft Visual Studio Solution File, Format Version 12.00
# Visual Studio Version 16
VisualStudioVersion = 16.0.29318.209
MinimumVisualStudioVersion = 10.0.40219.1
Project("{F184B08F-C81C-45F6-A57F-5ABD9991F28F}") = "prueba_sistema", "prueba_sistema\prueba_sistema.vbproj", "{E82BD5A3-D82F-4D24-98A6-5BF30853371B}"
EndProject
Global
	GlobalSection(SolutionConfigurationPlatforms) = preSolution
		Debug|Any CPU = Debug|Any CPU
		Release|Any CPU = Release|Any CPU
	EndGlobalSection
	GlobalSection(ProjectConfigurationPlatforms) = postSolution
		{E82BD5A3-D82F-4D24-98A6-5BF30853371B}.Debug|Any CPU.ActiveCfg = Debug|Any CPU
		{E82BD5A3-D82F-4D24-98A6-5BF30853371B}.Debug|Any CPU.Build.0 = Debug|Any CPU
		{E82BD5A3-D82F-4D24-98A6-5BF30853371B}.Release|Any CPU.ActiveCfg = Release|Any CPU
		{E82BD5A3-D82F-4D24-98A6-5BF30853371B}.Release|Any CPU.Build.0 = Release|Any CPU
	EndGlobalSection
	GlobalSection(SolutionProperties) = preSolution
		HideSolutionNode = FALSE
	EndGlobalSection
	GlobalSection(ExtensibilityGlobals) = postSolution
		SolutionGuid = {BEBF21CF-59A3-47AB-84A5-D2ABFE09029A}
	EndGlobalSection
EndGlobal
